
Microsoft Visual Studio Solution File, Format Version 12.00
# Visual Studio Version 17
VisualStudioVersion = 17.1.32228.430
MinimumVisualStudioVersion = 10.0.40219.1
Project("{FAE04EC0-301F-11D3-BF4B-00C04F79EFBC}") = "ParallelProg-Thread", "ParallelProg-Thread\ParallelProg-Thread.csproj", "{5702C881-D654-42FA-B045-603CA7BBCD1B}"
EndProject
Global
	GlobalSection(SolutionConfigurationPlatforms) = preSolution
		Debug|Any CPU = Debug|Any CPU
		Release|Any CPU = Release|Any CPU
	EndGlobalSection
	GlobalSection(ProjectConfigurationPlatforms) = postSolution
		{5702C881-D654-42FA-B045-603CA7BBCD1B}.Debug|Any CPU.ActiveCfg = Debug|Any CPU
		{5702C881-D654-42FA-B045-603CA7BBCD1B}.Debug|Any CPU.Build.0 = Debug|Any CPU
		{5702C881-D654-42FA-B045-603CA7BBCD1B}.Release|Any CPU.ActiveCfg = Release|Any CPU
		{5702C881-D654-42FA-B045-603CA7BBCD1B}.Release|Any CPU.Build.0 = Release|Any CPU
	EndGlobalSection
	GlobalSection(SolutionProperties) = preSolution
		HideSolutionNode = FALSE
	EndGlobalSection
	GlobalSection(ExtensibilityGlobals) = postSolution
		SolutionGuid = {273F8DCF-2250-407D-9822-617392A94D4C}
	EndGlobalSection
EndGlobal
